
Microsoft Visual Studio Solution File, Format Version 12.00
# Visual Studio Version 16
VisualStudioVersion = 16.0.30503.244
MinimumVisualStudioVersion = 10.0.40219.1
Project("{FAE04EC0-301F-11D3-BF4B-00C04F79EFBC}") = "Login200", "Login200\Login200.csproj", "{44961450-024F-47C2-B663-4DCE760D4998}"
EndProject
Project("{FAE04EC0-301F-11D3-BF4B-00C04F79EFBC}") = "Login200Lab03pt2", "Login200\Login200Lab03pt2\Login200Lab03pt2.csproj", "{A5CB85B3-EEBE-42E8-AEFC-87882EF7BC10}"
EndProject
Global
	GlobalSection(SolutionConfigurationPlatforms) = preSolution
		Debug|Any CPU = Debug|Any CPU
		Release|Any CPU = Release|Any CPU
	EndGlobalSection
	GlobalSection(ProjectConfigurationPlatforms) = postSolution
		{44961450-024F-47C2-B663-4DCE760D4998}.Debug|Any CPU.ActiveCfg = Debug|Any CPU
		{44961450-024F-47C2-B663-4DCE760D4998}.Debug|Any CPU.Build.0 = Debug|Any CPU
		{44961450-024F-47C2-B663-4DCE760D4998}.Release|Any CPU.ActiveCfg = Release|Any CPU
		{44961450-024F-47C2-B663-4DCE760D4998}.Release|Any CPU.Build.0 = Release|Any CPU
		{A5CB85B3-EEBE-42E8-AEFC-87882EF7BC10}.Debug|Any CPU.ActiveCfg = Debug|Any CPU
		{A5CB85B3-EEBE-42E8-AEFC-87882EF7BC10}.Debug|Any CPU.Build.0 = Debug|Any CPU
		{A5CB85B3-EEBE-42E8-AEFC-87882EF7BC10}.Release|Any CPU.ActiveCfg = Release|Any CPU
		{A5CB85B3-EEBE-42E8-AEFC-87882EF7BC10}.Release|Any CPU.Build.0 = Release|Any CPU
	EndGlobalSection
	GlobalSection(SolutionProperties) = preSolution
		HideSolutionNode = FALSE
	EndGlobalSection
	GlobalSection(ExtensibilityGlobals) = postSolution
		SolutionGuid = {B82EB0F4-1D73-4D1F-BDDA-032395FC2CAB}
	EndGlobalSection
EndGlobal
