
Microsoft Visual Studio Solution File, Format Version 12.00
# Visual Studio 15
VisualStudioVersion = 15.0.26430.14
MinimumVisualStudioVersion = 10.0.40219.1
Project("{FAE04EC0-301F-11D3-BF4B-00C04F79EFBC}") = "15-DesignPatterns-Composites", "15-DesignPatterns-Composites\15-DesignPatterns-Composites.csproj", "{54F348B0-4D97-4FC7-9C44-5C0E1FDEC546}"
EndProject
Project("{FAE04EC0-301F-11D3-BF4B-00C04F79EFBC}") = "15-DesignPatterns-Composites-Tests", "15-DesignPatterns-Composites-Tests\15-DesignPatterns-Composites-Tests.csproj", "{79DB5DA5-9F80-443F-BCCB-37DBF68DE217}"
EndProject
Global
	GlobalSection(SolutionConfigurationPlatforms) = preSolution
		Debug|Any CPU = Debug|Any CPU
		Debug|Mixed Platforms = Debug|Mixed Platforms
		Debug|x86 = Debug|x86
		Release|Any CPU = Release|Any CPU
		Release|Mixed Platforms = Release|Mixed Platforms
		Release|x86 = Release|x86
	EndGlobalSection
	GlobalSection(ProjectConfigurationPlatforms) = postSolution
		{54F348B0-4D97-4FC7-9C44-5C0E1FDEC546}.Debug|Any CPU.ActiveCfg = Debug|Any CPU
		{54F348B0-4D97-4FC7-9C44-5C0E1FDEC546}.Debug|Any CPU.Build.0 = Debug|Any CPU
		{54F348B0-4D97-4FC7-9C44-5C0E1FDEC546}.Debug|Mixed Platforms.ActiveCfg = Debug|Any CPU
		{54F348B0-4D97-4FC7-9C44-5C0E1FDEC546}.Debug|Mixed Platforms.Build.0 = Debug|Any CPU
		{54F348B0-4D97-4FC7-9C44-5C0E1FDEC546}.Debug|x86.ActiveCfg = Debug|Any CPU
		{54F348B0-4D97-4FC7-9C44-5C0E1FDEC546}.Release|Any CPU.ActiveCfg = Release|Any CPU
		{54F348B0-4D97-4FC7-9C44-5C0E1FDEC546}.Release|Any CPU.Build.0 = Release|Any CPU
		{54F348B0-4D97-4FC7-9C44-5C0E1FDEC546}.Release|Mixed Platforms.ActiveCfg = Release|Any CPU
		{54F348B0-4D97-4FC7-9C44-5C0E1FDEC546}.Release|Mixed Platforms.Build.0 = Release|Any CPU
		{54F348B0-4D97-4FC7-9C44-5C0E1FDEC546}.Release|x86.ActiveCfg = Release|Any CPU
		{79DB5DA5-9F80-443F-BCCB-37DBF68DE217}.Debug|Any CPU.ActiveCfg = Debug|Any CPU
		{79DB5DA5-9F80-443F-BCCB-37DBF68DE217}.Debug|Any CPU.Build.0 = Debug|Any CPU
		{79DB5DA5-9F80-443F-BCCB-37DBF68DE217}.Debug|Mixed Platforms.ActiveCfg = Debug|Any CPU
		{79DB5DA5-9F80-443F-BCCB-37DBF68DE217}.Debug|Mixed Platforms.Build.0 = Debug|Any CPU
		{79DB5DA5-9F80-443F-BCCB-37DBF68DE217}.Debug|x86.ActiveCfg = Debug|Any CPU
		{79DB5DA5-9F80-443F-BCCB-37DBF68DE217}.Release|Any CPU.ActiveCfg = Release|Any CPU
		{79DB5DA5-9F80-443F-BCCB-37DBF68DE217}.Release|Any CPU.Build.0 = Release|Any CPU
		{79DB5DA5-9F80-443F-BCCB-37DBF68DE217}.Release|Mixed Platforms.ActiveCfg = Release|Any CPU
		{79DB5DA5-9F80-443F-BCCB-37DBF68DE217}.Release|Mixed Platforms.Build.0 = Release|Any CPU
		{79DB5DA5-9F80-443F-BCCB-37DBF68DE217}.Release|x86.ActiveCfg = Release|Any CPU
	EndGlobalSection
	GlobalSection(SolutionProperties) = preSolution
		HideSolutionNode = FALSE
	EndGlobalSection
EndGlobal
