
Microsoft Visual Studio Solution File, Format Version 12.00
# Visual Studio Version 16
VisualStudioVersion = 16.0.29306.81
MinimumVisualStudioVersion = 10.0.40219.1
Project("{FAE04EC0-301F-11D3-BF4B-00C04F79EFBC}") = "OrderNaive", "OrderNaive\OrderNaive.csproj", "{97CB0735-A606-4FD0-BBA9-5CEE8F0068F2}"
EndProject
Project("{FAE04EC0-301F-11D3-BF4B-00C04F79EFBC}") = "STORE-OCP", "STORE-OCP\STORE-OCP.csproj", "{8AC73767-6551-4133-B5A6-227E20201B07}"
EndProject
Global
	GlobalSection(SolutionConfigurationPlatforms) = preSolution
		Debug|Any CPU = Debug|Any CPU
		Release|Any CPU = Release|Any CPU
	EndGlobalSection
	GlobalSection(ProjectConfigurationPlatforms) = postSolution
		{97CB0735-A606-4FD0-BBA9-5CEE8F0068F2}.Debug|Any CPU.ActiveCfg = Debug|Any CPU
		{97CB0735-A606-4FD0-BBA9-5CEE8F0068F2}.Debug|Any CPU.Build.0 = Debug|Any CPU
		{97CB0735-A606-4FD0-BBA9-5CEE8F0068F2}.Release|Any CPU.ActiveCfg = Release|Any CPU
		{97CB0735-A606-4FD0-BBA9-5CEE8F0068F2}.Release|Any CPU.Build.0 = Release|Any CPU
		{8AC73767-6551-4133-B5A6-227E20201B07}.Debug|Any CPU.ActiveCfg = Debug|Any CPU
		{8AC73767-6551-4133-B5A6-227E20201B07}.Debug|Any CPU.Build.0 = Debug|Any CPU
		{8AC73767-6551-4133-B5A6-227E20201B07}.Release|Any CPU.ActiveCfg = Release|Any CPU
		{8AC73767-6551-4133-B5A6-227E20201B07}.Release|Any CPU.Build.0 = Release|Any CPU
	EndGlobalSection
	GlobalSection(SolutionProperties) = preSolution
		HideSolutionNode = FALSE
	EndGlobalSection
	GlobalSection(ExtensibilityGlobals) = postSolution
		SolutionGuid = {AA5EF902-C1E0-45A2-BFFD-1EDDA812FAD6}
	EndGlobalSection
EndGlobal
